// !$*UTF8*$!
{
	archiveVersion = 1;
	classes = {
	};
	objectVersion = 50;
	objects = {

/* Begin PBXBuildFile section */
		6198EDB92082839A009DDAF4 /* AppDelegate.swift in Sources */ = {isa = PBXBuildFile; fileRef = 6198EDB82082839A009DDAF4 /* AppDelegate.swift */; };
		6198EDBB2082839A009DDAF4 /* ViewController.swift in Sources */ = {isa = PBXBuildFile; fileRef = 6198EDBA2082839A009DDAF4 /* ViewController.swift */; };
		6198EDBE2082839A009DDAF4 /* Main.storyboard in Resources */ = {isa = PBXBuildFile; fileRef = 6198EDBC2082839A009DDAF4 /* Main.storyboard */; };
		6198EDC0208283A1009DDAF4 /* Assets.xcassets in Resources */ = {isa = PBXBuildFile; fileRef = 6198EDBF208283A1009DDAF4 /* Assets.xcassets */; };
		6198EDC3208283A1009DDAF4 /* LaunchScreen.storyboard in Resources */ = {isa = PBXBuildFile; fileRef = 6198EDC1208283A1009DDAF4 /* LaunchScreen.storyboard */; };
		6198EDCE208283A1009DDAF4 /* LoginTests.swift in Sources */ = {isa = PBXBuildFile; fileRef = 6198EDCD208283A1009DDAF4 /* LoginTests.swift */; };
		6198EDD9208283A1009DDAF4 /* LoginUITests.swift in Sources */ = {isa = PBXBuildFile; fileRef = 6198EDD8208283A1009DDAF4 /* LoginUITests.swift */; };
/* End PBXBuildFile section */

/* Begin PBXContainerItemProxy section */
		6198EDCA208283A1009DDAF4 /* PBXContainerItemProxy */ = {
			isa = PBXContainerItemProxy;
			containerPortal = 6198EDAD2082839A009DDAF4 /* Project object */;
			proxyType = 1;
			remoteGlobalIDString = 6198EDB42082839A009DDAF4;
			remoteInfo = Login;
		};
		6198EDD5208283A1009DDAF4 /* PBXContainerItemProxy */ = {
			isa = PBXContainerItemProxy;
			containerPortal = 6198EDAD2082839A009DDAF4 /* Project object */;
			proxyType = 1;
			remoteGlobalIDString = 6198EDB42082839A009DDAF4;
			remoteInfo = Login;
		};
/* End PBXContainerItemProxy section */

/* Begin PBXFileReference section */
		6198EDB52082839A009DDAF4 /* Login.app */ = {isa = PBXFileReference; explicitFileType = wrapper.application; includeInIndex = 0; path = Login.app; sourceTree = BUILT_PRODUCTS_DIR; };
		6198EDB82082839A009DDAF4 /* AppDelegate.swift */ = {isa = PBXFileReference; lastKnownFileType = sourcecode.swift; path = AppDelegate.swift; sourceTree = "<group>"; };
		6198EDBA2082839A009DDAF4 /* ViewController.swift */ = {isa = PBXFileReference; lastKnownFileType = sourcecode.swift; path = ViewController.swift; sourceTree = "<group>"; };
		6198EDBD2082839A009DDAF4 /* Base */ = {isa = PBXFileReference; lastKnownFileType = file.storyboard; name = Base; path = Base.lproj/Main.storyboard; sourceTree = "<group>"; };
		6198EDBF208283A1009DDAF4 /* Assets.xcassets */ = {isa = PBXFileReference; lastKnownFileType = folder.assetcatalog; path = Assets.xcassets; sourceTree = "<group>"; };
		6198EDC2208283A1009DDAF4 /* Base */ = {isa = PBXFileReference; lastKnownFileType = file.storyboard; name = Base; path = Base.lproj/LaunchScreen.storyboard; sourceTree = "<group>"; };
		6198EDC4208283A1009DDAF4 /* Info.plist */ = {isa = PBXFileReference; lastKnownFileType = text.plist.xml; path = Info.plist; sourceTree = "<group>"; };
		6198EDC9208283A1009DDAF4 /* LoginTests.xctest */ = {isa = PBXFileReference; explicitFileType = wrapper.cfbundle; includeInIndex = 0; path = LoginTests.xctest; sourceTree = BUILT_PRODUCTS_DIR; };
		6198EDCD208283A1009DDAF4 /* LoginTests.swift */ = {isa = PBXFileReference; lastKnownFileType = sourcecode.swift; path = LoginTests.swift; sourceTree = "<group>"; };
		6198EDCF208283A1009DDAF4 /* Info.plist */ = {isa = PBXFileReference; lastKnownFileType = text.plist.xml; path = Info.plist; sourceTree = "<group>"; };
		6198EDD4208283A1009DDAF4 /* LoginUITests.xctest */ = {isa = PBXFileReference; explicitFileType = wrapper.cfbundle; includeInIndex = 0; path = LoginUITests.xctest; sourceTree = BUILT_PRODUCTS_DIR; };
		6198EDD8208283A1009DDAF4 /* LoginUITests.swift */ = {isa = PBXFileReference; lastKnownFileType = sourcecode.swift; path = LoginUITests.swift; sourceTree = "<group>"; };
		6198EDDA208283A1009DDAF4 /* Info.plist */ = {isa = PBXFileReference; lastKnownFileType = text.plist.xml; path = Info.plist; sourceTree = "<group>"; };
/* End PBXFileReference section */

/* Begin PBXFrameworksBuildPhase section */
		6198EDB22082839A009DDAF4 /* Frameworks */ = {
			isa = PBXFrameworksBuildPhase;
			buildActionMask = 2147483647;
			files = (
			);
			runOnlyForDeploymentPostprocessing = 0;
		};
		6198EDC6208283A1009DDAF4 /* Frameworks */ = {
			isa = PBXFrameworksBuildPhase;
			buildActionMask = 2147483647;
			files = (
			);
			runOnlyForDeploymentPostprocessing = 0;
		};
		6198EDD1208283A1009DDAF4 /* Frameworks */ = {
			isa = PBXFrameworksBuildPhase;
			buildActionMask = 2147483647;
			files = (
			);
			runOnlyForDeploymentPostprocessing = 0;
		};
/* End PBXFrameworksBuildPhase section */

/* Begin PBXGroup section */
		6198EDAC2082839A009DDAF4 = {
			isa = PBXGroup;
			children = (
				6198EDB72082839A009DDAF4 /* Login */,
				6198EDCC208283A1009DDAF4 /* LoginTests */,
				6198EDD7208283A1009DDAF4 /* LoginUITests */,
				6198EDB62082839A009DDAF4 /* Products */,
			);
			sourceTree = "<group>";
		};
		6198EDB62082839A009DDAF4 /* Products */ = {
			isa = PBXGroup;
			children = (
				6198EDB52082839A009DDAF4 /* Login.app */,
				6198EDC9208283A1009DDAF4 /* LoginTests.xctest */,
				6198EDD4208283A1009DDAF4 /* LoginUITests.xctest */,
			);
			name = Products;
			sourceTree = "<group>";
		};
		6198EDB72082839A009DDAF4 /* Login */ = {
			isa = PBXGroup;
			children = (
				6198EDB82082839A009DDAF4 /* AppDelegate.swift */,
				6198EDBA2082839A009DDAF4 /* ViewController.swift */,
				6198EDBC2082839A009DDAF4 /* Main.storyboard */,
				6198EDBF208283A1009DDAF4 /* Assets.xcassets */,
				6198EDC1208283A1009DDAF4 /* LaunchScreen.storyboard */,
				6198EDC4208283A1009DDAF4 /* Info.plist */,
			);
			path = Login;
			sourceTree = "<group>";
		};
		6198EDCC208283A1009DDAF4 /* LoginTests */ = {
			isa = PBXGroup;
			children = (
				6198EDCD208283A1009DDAF4 /* LoginTests.swift */,
				6198EDCF208283A1009DDAF4 /* Info.plist */,
			);
			path = LoginTests;
			sourceTree = "<group>";
		};
		6198EDD7208283A1009DDAF4 /* LoginUITests */ = {
			isa = PBXGroup;
			children = (
				6198EDD8208283A1009DDAF4 /* LoginUITests.swift */,
				6198EDDA208283A1009DDAF4 /* Info.plist */,
			);
			path = LoginUITests;
			sourceTree = "<group>";
		};
/* End PBXGroup section */

/* Begin PBXNativeTarget section */
		6198EDB42082839A009DDAF4 /* Login */ = {
			isa = PBXNativeTarget;
			buildConfigurationList = 6198EDDD208283A1009DDAF4 /* Build configuration list for PBXNativeTarget "Login" */;
			buildPhases = (
				6198EDB12082839A009DDAF4 /* Sources */,
				6198EDB22082839A009DDAF4 /* Frameworks */,
				6198EDB32082839A009DDAF4 /* Resources */,
			);
			buildRules = (
			);
			dependencies = (
			);
			name = Login;
			productName = Login;
			productReference = 6198EDB52082839A009DDAF4 /* Login.app */;
			productType = "com.apple.product-type.application";
		};
		6198EDC8208283A1009DDAF4 /* LoginTests */ = {
			isa = PBXNativeTarget;
			buildConfigurationList = 6198EDE0208283A1009DDAF4 /* Build configuration list for PBXNativeTarget "LoginTests" */;
			buildPhases = (
				6198EDC5208283A1009DDAF4 /* Sources */,
				6198EDC6208283A1009DDAF4 /* Frameworks */,
				6198EDC7208283A1009DDAF4 /* Resources */,
			);
			buildRules = (
			);
			dependencies = (
				6198EDCB208283A1009DDAF4 /* PBXTargetDependency */,
			);
			name = LoginTests;
			productName = LoginTests;
			productReference = 6198EDC9208283A1009DDAF4 /* LoginTests.xctest */;
			productType = "com.apple.product-type.bundle.unit-test";
		};
		6198EDD3208283A1009DDAF4 /* LoginUITests */ = {
			isa = PBXNativeTarget;
			buildConfigurationList = 6198EDE3208283A1009DDAF4 /* Build configuration list for PBXNativeTarget "LoginUITests" */;
			buildPhases = (
				6198EDD0208283A1009DDAF4 /* Sources */,
				6198EDD1208283A1009DDAF4 /* Frameworks */,
				6198EDD2208283A1009DDAF4 /* Resources */,
			);
			buildRules = (
			);
			dependencies = (
				6198EDD6208283A1009DDAF4 /* PBXTargetDependency */,
			);
			name = LoginUITests;
			productName = LoginUITests;
			productReference = 6198EDD4208283A1009DDAF4 /* LoginUITests.xctest */;
			productType = "com.apple.product-type.bundle.ui-testing";
		};
/* End PBXNativeTarget section */

/* Begin PBXProject section */
		6198EDAD2082839A009DDAF4 /* Project object */ = {
			isa = PBXProject;
			attributes = {
				LastSwiftUpdateCheck = 0930;
				LastUpgradeCheck = 0930;
				ORGANIZATIONNAME = "Colleen Heinemann";
				TargetAttributes = {
					6198EDB42082839A009DDAF4 = {
						CreatedOnToolsVersion = 9.3;
					};
					6198EDC8208283A1009DDAF4 = {
						CreatedOnToolsVersion = 9.3;
						TestTargetID = 6198EDB42082839A009DDAF4;
					};
					6198EDD3208283A1009DDAF4 = {
						CreatedOnToolsVersion = 9.3;
						TestTargetID = 6198EDB42082839A009DDAF4;
					};
				};
			};
			buildConfigurationList = 6198EDB02082839A009DDAF4 /* Build configuration list for PBXProject "Login" */;
			compatibilityVersion = "Xcode 9.3";
			developmentRegion = en;
			hasScannedForEncodings = 0;
			knownRegions = (
				en,
				Base,
			);
			mainGroup = 6198EDAC2082839A009DDAF4;
			productRefGroup = 6198EDB62082839A009DDAF4 /* Products */;
			projectDirPath = "";
			projectRoot = "";
			targets = (
				6198EDB42082839A009DDAF4 /* Login */,
				6198EDC8208283A1009DDAF4 /* LoginTests */,
				6198EDD3208283A1009DDAF4 /* LoginUITests */,
			);
		};
/* End PBXProject section */

/* Begin PBXResourcesBuildPhase section */
		6198EDB32082839A009DDAF4 /* Resources */ = {
			isa = PBXResourcesBuildPhase;
			buildActionMask = 2147483647;
			files = (
				6198EDC3208283A1009DDAF4 /* LaunchScreen.storyboard in Resources */,
				6198EDC0208283A1009DDAF4 /* Assets.xcassets in Resources */,
				6198EDBE2082839A009DDAF4 /* Main.storyboard in Resources */,
			);
			runOnlyForDeploymentPostprocessing = 0;
		};
		6198EDC7208283A1009DDAF4 /* Resources */ = {
			isa = PBXResourcesBuildPhase;
			buildActionMask = 2147483647;
			files = (
			);
			runOnlyForDeploymentPostprocessing = 0;
		};
		6198EDD2208283A1009DDAF4 /* Resources */ = {
			isa = PBXResourcesBuildPhase;
			buildActionMask = 2147483647;
			files = (
			);
			runOnlyForDeploymentPostprocessing = 0;
		};
/* End PBXResourcesBuildPhase section */

/* Begin PBXSourcesBuildPhase section */
		6198EDB12082839A009DDAF4 /* Sources */ = {
			isa = PBXSourcesBuildPhase;
			buildActionMask = 2147483647;
			files = (
				6198EDBB2082839A009DDAF4 /* ViewController.swift in Sources */,
				6198EDB92082839A009DDAF4 /* AppDelegate.swift in Sources */,
			);
			runOnlyForDeploymentPostprocessing = 0;
		};
		6198EDC5208283A1009DDAF4 /* Sources */ = {
			isa = PBXSourcesBuildPhase;
			buildActionMask = 2147483647;
			files = (
				6198EDCE208283A1009DDAF4 /* LoginTests.swift in Sources */,
			);
			runOnlyForDeploymentPostprocessing = 0;
		};
		6198EDD0208283A1009DDAF4 /* Sources */ = {
			isa = PBXSourcesBuildPhase;
			buildActionMask = 2147483647;
			files = (
				6198EDD9208283A1009DDAF4 /* LoginUITests.swift in Sources */,
			);
			runOnlyForDeploymentPostprocessing = 0;
		};
/* End PBXSourcesBuildPhase section */

/* Begin PBXTargetDependency section */
		6198EDCB208283A1009DDAF4 /* PBXTargetDependency */ = {
			isa = PBXTargetDependency;
			target = 6198EDB42082839A009DDAF4 /* Login */;
			targetProxy = 6198EDCA208283A1009DDAF4 /* PBXContainerItemProxy */;
		};
		6198EDD6208283A1009DDAF4 /* PBXTargetDependency */ = {
			isa = PBXTargetDependency;
			target = 6198EDB42082839A009DDAF4 /* Login */;
			targetProxy = 6198EDD5208283A1009DDAF4 /* PBXContainerItemProxy */;
		};
/* End PBXTargetDependency section */

/* Begin PBXVariantGroup section */
		6198EDBC2082839A009DDAF4 /* Main.storyboard */ = {
			isa = PBXVariantGroup;
			children = (
				6198EDBD2082839A009DDAF4 /* Base */,
			);
			name = Main.storyboard;
			sourceTree = "<group>";
		};
		6198EDC1208283A1009DDAF4 /* LaunchScreen.storyboard */ = {
			isa = PBXVariantGroup;
			children = (
				6198EDC2208283A1009DDAF4 /* Base */,
			);
			name = LaunchScreen.storyboard;
			sourceTree = "<group>";
		};
/* End PBXVariantGroup section */

/* Begin XCBuildConfiguration section */
		6198EDDB208283A1009DDAF4 /* Debug */ = {
			isa = XCBuildConfiguration;
			buildSettings = {
				ALWAYS_SEARCH_USER_PATHS = NO;
				CLANG_ANALYZER_NONNULL = YES;
				CLANG_ANALYZER_NUMBER_OBJECT_CONVERSION = YES_AGGRESSIVE;
				CLANG_CXX_LANGUAGE_STANDARD = "gnu++14";
				CLANG_CXX_LIBRARY = "libc++";
				CLANG_ENABLE_MODULES = YES;
				CLANG_ENABLE_OBJC_ARC = YES;
				CLANG_ENABLE_OBJC_WEAK = YES;
				CLANG_WARN_BLOCK_CAPTURE_AUTORELEASING = YES;
				CLANG_WARN_BOOL_CONVERSION = YES;
				CLANG_WARN_COMMA = YES;
				CLANG_WARN_CONSTANT_CONVERSION = YES;
				CLANG_WARN_DEPRECATED_OBJC_IMPLEMENTATIONS = YES;
				CLANG_WARN_DIRECT_OBJC_ISA_USAGE = YES_ERROR;
				CLANG_WARN_DOCUMENTATION_COMMENTS = YES;
				CLANG_WARN_EMPTY_BODY = YES;
				CLANG_WARN_ENUM_CONVERSION = YES;
				CLANG_WARN_INFINITE_RECURSION = YES;
				CLANG_WARN_INT_CONVERSION = YES;
				CLANG_WARN_NON_LITERAL_NULL_CONVERSION = YES;
				CLANG_WARN_OBJC_IMPLICIT_RETAIN_SELF = YES;
				CLANG_WARN_OBJC_LITERAL_CONVERSION = YES;
				CLANG_WARN_OBJC_ROOT_CLASS = YES_ERROR;
				CLANG_WARN_RANGE_LOOP_ANALYSIS = YES;
				CLANG_WARN_STRICT_PROTOTYPES = YES;
				CLANG_WARN_SUSPICIOUS_MOVE = YES;
				CLANG_WARN_UNGUARDED_AVAILABILITY = YES_AGGRESSIVE;
				CLANG_WARN_UNREACHABLE_CODE = YES;
				CLANG_WARN__DUPLICATE_METHOD_MATCH = YES;
				CODE_SIGN_IDENTITY = "iPhone Developer";
				COPY_PHASE_STRIP = NO;
				DEBUG_INFORMATION_FORMAT = dwarf;
				ENABLE_STRICT_OBJC_MSGSEND = YES;
				ENABLE_TESTABILITY = YES;
				GCC_C_LANGUAGE_STANDARD = gnu11;
				GCC_DYNAMIC_NO_PIC = NO;
				GCC_NO_COMMON_BLOCKS = YES;
				GCC_OPTIMIZATION_LEVEL = 0;
				GCC_PREPROCESSOR_DEFINITIONS = (
					"DEBUG=1",
					"$(inherited)",
				);
				GCC_WARN_64_TO_32_BIT_CONVERSION = YES;
				GCC_WARN_ABOUT_RETURN_TYPE = YES_ERROR;
				GCC_WARN_UNDECLARED_SELECTOR = YES;
				GCC_WARN_UNINITIALIZED_AUTOS = YES_AGGRESSIVE;
				GCC_WARN_UNUSED_FUNCTION = YES;
				GCC_WARN_UNUSED_VARIABLE = YES;
				IPHONEOS_DEPLOYMENT_TARGET = 11.3;
				MTL_ENABLE_DEBUG_INFO = YES;
				ONLY_ACTIVE_ARCH = YES;
				SDKROOT = iphoneos;
				SWIFT_ACTIVE_COMPILATION_CONDITIONS = DEBUG;
				SWIFT_OPTIMIZATION_LEVEL = "-Onone";
			};
			name = Debug;
		};
		6198EDDC208283A1009DDAF4 /* Release */ = {
			isa = XCBuildConfiguration;
			buildSettings = {
				ALWAYS_SEARCH_USER_PATHS = NO;
				CLANG_ANALYZER_NONNULL = YES;
				CLANG_ANALYZER_NUMBER_OBJECT_CONVERSION = YES_AGGRESSIVE;
				CLANG_CXX_LANGUAGE_STANDARD = "gnu++14";
				CLANG_CXX_LIBRARY = "libc++";
				CLANG_ENABLE_MODULES = YES;
				CLANG_ENABLE_OBJC_ARC = YES;
				CLANG_ENABLE_OBJC_WEAK = YES;
				CLANG_WARN_BLOCK_CAPTURE_AUTORELEASING = YES;
				CLANG_WARN_BOOL_CONVERSION = YES;
				CLANG_WARN_COMMA = YES;
				CLANG_WARN_CONSTANT_CONVERSION = YES;
				CLANG_WARN_DEPRECATED_OBJC_IMPLEMENTATIONS = YES;
				CLANG_WARN_DIRECT_OBJC_ISA_USAGE = YES_ERROR;
				CLANG_WARN_DOCUMENTATION_COMMENTS = YES;
				CLANG_WARN_EMPTY_BODY = YES;
				CLANG_WARN_ENUM_CONVERSION = YES;
				CLANG_WARN_INFINITE_RECURSION = YES;
				CLANG_WARN_INT_CONVERSION = YES;
				CLANG_WARN_NON_LITERAL_NULL_CONVERSION = YES;
				CLANG_WARN_OBJC_IMPLICIT_RETAIN_SELF = YES;
				CLANG_WARN_OBJC_LITERAL_CONVERSION = YES;
				CLANG_WARN_OBJC_ROOT_CLASS = YES_ERROR;
				CLANG_WARN_RANGE_LOOP_ANALYSIS = YES;
				CLANG_WARN_STRICT_PROTOTYPES = YES;
				CLANG_WARN_SUSPICIOUS_MOVE = YES;
				CLANG_WARN_UNGUARDED_AVAILABILITY = YES_AGGRESSIVE;
				CLANG_WARN_UNREACHABLE_CODE = YES;
				CLANG_WARN__DUPLICATE_METHOD_MATCH = YES;
				CODE_SIGN_IDENTITY = "iPhone Developer";
				COPY_PHASE_STRIP = NO;
				DEBUG_INFORMATION_FORMAT = "dwarf-with-dsym";
				ENABLE_NS_ASSERTIONS = NO;
				ENABLE_STRICT_OBJC_MSGSEND = YES;
				GCC_C_LANGUAGE_STANDARD = gnu11;
				GCC_NO_COMMON_BLOCKS = YES;
				GCC_WARN_64_TO_32_BIT_CONVERSION = YES;
				GCC_WARN_ABOUT_RETURN_TYPE = YES_ERROR;
				GCC_WARN_UNDECLARED_SELECTOR = YES;
				GCC_WARN_UNINITIALIZED_AUTOS = YES_AGGRESSIVE;
				GCC_WARN_UNUSED_FUNCTION = YES;
				GCC_WARN_UNUSED_VARIABLE = YES;
				IPHONEOS_DEPLOYMENT_TARGET = 11.3;
				MTL_ENABLE_DEBUG_INFO = NO;
				SDKROOT = iphoneos;
				SWIFT_COMPILATION_MODE = wholemodule;
				SWIFT_OPTIMIZATION_LEVEL = "-O";
				VALIDATE_PRODUCT = YES;
			};
			name = Release;
		};
		6198EDDE208283A1009DDAF4 /* Debug */ = {
			isa = XCBuildConfiguration;
			buildSettings = {
				ASSETCATALOG_COMPILER_APPICON_NAME = AppIcon;
				CODE_SIGN_STYLE = Automatic;
				DEVELOPMENT_TEAM = UPV4CB4H6W;
				INFOPLIST_FILE = Login/Info.plist;
				LD_RUNPATH_SEARCH_PATHS = (
					"$(inherited)",
					"@executable_path/Frameworks",
				);
				PRODUCT_BUNDLE_IDENTIFIER = "-----.Login";
				PRODUCT_NAME = "$(TARGET_NAME)";
				SWIFT_VERSION = 4.0;
				TARGETED_DEVICE_FAMILY = "1,2";
			};
			name = Debug;
		};
		6198EDDF208283A1009DDAF4 /* Release */ = {
			isa = XCBuildConfiguration;
			buildSettings = {
				ASSETCATALOG_COMPILER_APPICON_NAME = AppIcon;
				CODE_SIGN_STYLE = Automatic;
				DEVELOPMENT_TEAM = UPV4CB4H6W;
				INFOPLIST_FILE = Login/Info.plist;
				LD_RUNPATH_SEARCH_PATHS = (
					"$(inherited)",
					"@executable_path/Frameworks",
				);
				PRODUCT_BUNDLE_IDENTIFIER = "-----.Login";
				PRODUCT_NAME = "$(TARGET_NAME)";
				SWIFT_VERSION = 4.0;
				TARGETED_DEVICE_FAMILY = "1,2";
			};
			name = Release;
		};
		6198EDE1208283A1009DDAF4 /* Debug */ = {
			isa = XCBuildConfiguration;
			buildSettings = {
				ALWAYS_EMBED_SWIFT_STANDARD_LIBRARIES = YES;
				BUNDLE_LOADER = "$(TEST_HOST)";
				CODE_SIGN_STYLE = Automatic;
				DEVELOPMENT_TEAM = UPV4CB4H6W;
				INFOPLIST_FILE = LoginTests/Info.plist;
				LD_RUNPATH_SEARCH_PATHS = (
					"$(inherited)",
					"@executable_path/Frameworks",
					"@loader_path/Frameworks",
				);
				PRODUCT_BUNDLE_IDENTIFIER = "-----.LoginTests";
				PRODUCT_NAME = "$(TARGET_NAME)";
				SWIFT_VERSION = 4.0;
				TARGETED_DEVICE_FAMILY = "1,2";
				TEST_HOST = "$(BUILT_PRODUCTS_DIR)/Login.app/Login";
			};
			name = Debug;
		};
		6198EDE2208283A1009DDAF4 /* Release */ = {
			isa = XCBuildConfiguration;
			buildSettings = {
				ALWAYS_EMBED_SWIFT_STANDARD_LIBRARIES = YES;
				BUNDLE_LOADER = "$(TEST_HOST)";
				CODE_SIGN_STYLE = Automatic;
				DEVELOPMENT_TEAM = UPV4CB4H6W;
				INFOPLIST_FILE = LoginTests/Info.plist;
				LD_RUNPATH_SEARCH_PATHS = (
					"$(inherited)",
					"@executable_path/Frameworks",
					"@loader_path/Frameworks",
				);
				PRODUCT_BUNDLE_IDENTIFIER = "-----.LoginTests";
				PRODUCT_NAME = "$(TARGET_NAME)";
				SWIFT_VERSION = 4.0;
				TARGETED_DEVICE_FAMILY = "1,2";
				TEST_HOST = "$(BUILT_PRODUCTS_DIR)/Login.app/Login";
			};
			name = Release;
		};
		6198EDE4208283A1009DDAF4 /* Debug */ = {
			isa = XCBuildConfiguration;
			buildSettings = {
				ALWAYS_EMBED_SWIFT_STANDARD_LIBRARIES = YES;
				CODE_SIGN_STYLE = Automatic;
				DEVELOPMENT_TEAM = UPV4CB4H6W;
				INFOPLIST_FILE = LoginUITests/Info.plist;
				LD_RUNPATH_SEARCH_PATHS = (
					"$(inherited)",
					"@executable_path/Frameworks",
					"@loader_path/Frameworks",
				);
				PRODUCT_BUNDLE_IDENTIFIER = "-----.LoginUITests";
				PRODUCT_NAME = "$(TARGET_NAME)";
				SWIFT_VERSION = 4.0;
				TARGETED_DEVICE_FAMILY = "1,2";
				TEST_TARGET_NAME = Login;
			};
			name = Debug;
		};
		6198EDE5208283A1009DDAF4 /* Release */ = {
			isa = XCBuildConfiguration;
			buildSettings = {
				ALWAYS_EMBED_SWIFT_STANDARD_LIBRARIES = YES;
				CODE_SIGN_STYLE = Automatic;
				DEVELOPMENT_TEAM = UPV4CB4H6W;
				INFOPLIST_FILE = LoginUITests/Info.plist;
				LD_RUNPATH_SEARCH_PATHS = (
					"$(inherited)",
					"@executable_path/Frameworks",
					"@loader_path/Frameworks",
				);
				PRODUCT_BUNDLE_IDENTIFIER = "-----.LoginUITests";
				PRODUCT_NAME = "$(TARGET_NAME)";
				SWIFT_VERSION = 4.0;
				TARGETED_DEVICE_FAMILY = "1,2";
				TEST_TARGET_NAME = Login;
			};
			name = Release;
		};
/* End XCBuildConfiguration section */

/* Begin XCConfigurationList section */
		6198EDB02082839A009DDAF4 /* Build configuration list for PBXProject "Login" */ = {
			isa = XCConfigurationList;
			buildConfigurations = (
				6198EDDB208283A1009DDAF4 /* Debug */,
				6198EDDC208283A1009DDAF4 /* Release */,
			);
			defaultConfigurationIsVisible = 0;
			defaultConfigurationName = Release;
		};
		6198EDDD208283A1009DDAF4 /* Build configuration list for PBXNativeTarget "Login" */ = {
			isa = XCConfigurationList;
			buildConfigurations = (
				6198EDDE208283A1009DDAF4 /* Debug */,
				6198EDDF208283A1009DDAF4 /* Release */,
			);
			defaultConfigurationIsVisible = 0;
			defaultConfigurationName = Release;
		};
		6198EDE0208283A1009DDAF4 /* Build configuration list for PBXNativeTarget "LoginTests" */ = {
			isa = XCConfigurationList;
			buildConfigurations = (
				6198EDE1208283A1009DDAF4 /* Debug */,
				6198EDE2208283A1009DDAF4 /* Release */,
			);
			defaultConfigurationIsVisible = 0;
			defaultConfigurationName = Release;
		};
		6198EDE3208283A1009DDAF4 /* Build configuration list for PBXNativeTarget "LoginUITests" */ = {
			isa = XCConfigurationList;
			buildConfigurations = (
				6198EDE4208283A1009DDAF4 /* Debug */,
				6198EDE5208283A1009DDAF4 /* Release */,
			);
			defaultConfigurationIsVisible = 0;
			defaultConfigurationName = Release;
		};
/* End XCConfigurationList section */
	};
	rootObject = 6198EDAD2082839A009DDAF4 /* Project object */;
}
